// !$*UTF8*$!
{
	archiveVersion = 1;
	classes = {
	};
	objectVersion = 46;
	objects = {

/* Begin PBXBuildFile section */
		B30EA42B1CDDD34E0052681D /* main.m in Sources */ = {isa = PBXBuildFile; fileRef = B30EA42A1CDDD34E0052681D /* main.m */; };
		B30EA42E1CDDD34E0052681D /* AppDelegate.m in Sources */ = {isa = PBXBuildFile; fileRef = B30EA42D1CDDD34E0052681D /* AppDelegate.m */; };
		B30EA4311CDDD34E0052681D /* ViewController.m in Sources */ = {isa = PBXBuildFile; fileRef = B30EA4301CDDD34E0052681D /* ViewController.m */; };
		B30EA4341CDDD34E0052681D /* Main.storyboard in Resources */ = {isa = PBXBuildFile; fileRef = B30EA4321CDDD34E0052681D /* Main.storyboard */; };
		B30EA4361CDDD34E0052681D /* Assets.xcassets in Resources */ = {isa = PBXBuildFile; fileRef = B30EA4351CDDD34E0052681D /* Assets.xcassets */; };
		B30EA4391CDDD34E0052681D /* LaunchScreen.storyboard in Resources */ = {isa = PBXBuildFile; fileRef = B30EA4371CDDD34E0052681D /* LaunchScreen.storyboard */; };
/* End PBXBuildFile section */

/* Begin PBXFileReference section */
		B30EA4261CDDD34E0052681D /* NOTAM.app */ = {isa = PBXFileReference; explicitFileType = wrapper.application; includeInIndex = 0; path = NOTAM.app; sourceTree = BUILT_PRODUCTS_DIR; };
		B30EA42A1CDDD34E0052681D /* main.m */ = {isa = PBXFileReference; lastKnownFileType = sourcecode.c.objc; path = main.m; sourceTree = "<group>"; };
		B30EA42C1CDDD34E0052681D /* AppDelegate.h */ = {isa = PBXFileReference; lastKnownFileType = sourcecode.c.h; path = AppDelegate.h; sourceTree = "<group>"; };
		B30EA42D1CDDD34E0052681D /* AppDelegate.m */ = {isa = PBXFileReference; lastKnownFileType = sourcecode.c.objc; path = AppDelegate.m; sourceTree = "<group>"; };
		B30EA42F1CDDD34E0052681D /* ViewController.h */ = {isa = PBXFileReference; lastKnownFileType = sourcecode.c.h; path = ViewController.h; sourceTree = "<group>"; };
		B30EA4301CDDD34E0052681D /* ViewController.m */ = {isa = PBXFileReference; lastKnownFileType = sourcecode.c.objc; path = ViewController.m; sourceTree = "<group>"; };
		B30EA4331CDDD34E0052681D /* Base */ = {isa = PBXFileReference; lastKnownFileType = file.storyboard; name = Base; path = Base.lproj/Main.storyboard; sourceTree = "<group>"; };
		B30EA4351CDDD34E0052681D /* Assets.xcassets */ = {isa = PBXFileReference; lastKnownFileType = folder.assetcatalog; path = Assets.xcassets; sourceTree = "<group>"; };
		B30EA4381CDDD34E0052681D /* Base */ = {isa = PBXFileReference; lastKnownFileType = file.storyboard; name = Base; path = Base.lproj/LaunchScreen.storyboard; sourceTree = "<group>"; };
		B30EA43A1CDDD34E0052681D /* Info.plist */ = {isa = PBXFileReference; lastKnownFileType = text.plist.xml; path = Info.plist; sourceTree = "<group>"; };
/* End PBXFileReference section */

/* Begin PBXFrameworksBuildPhase section */
		B30EA4231CDDD34E0052681D /* Frameworks */ = {
			isa = PBXFrameworksBuildPhase;
			buildActionMask = 2147483647;
			files = (
			);
			runOnlyForDeploymentPostprocessing = 0;
		};
/* End PBXFrameworksBuildPhase section */

/* Begin PBXGroup section */
		B30EA41D1CDDD34E0052681D = {
			isa = PBXGroup;
			children = (
				B30EA4281CDDD34E0052681D /* NOTAM */,
				B30EA4271CDDD34E0052681D /* Products */,
			);
			sourceTree = "<group>";
		};
		B30EA4271CDDD34E0052681D /* Products */ = {
			isa = PBXGroup;
			children = (
				B30EA4261CDDD34E0052681D /* NOTAM.app */,
			);
			name = Products;
			sourceTree = "<group>";
		};
		B30EA4281CDDD34E0052681D /* NOTAM */ = {
			isa = PBXGroup;
			children = (
				B30EA42C1CDDD34E0052681D /* AppDelegate.h */,
				B30EA42D1CDDD34E0052681D /* AppDelegate.m */,
				B30EA42F1CDDD34E0052681D /* ViewController.h */,
				B30EA4301CDDD34E0052681D /* ViewController.m */,
				B30EA4321CDDD34E0052681D /* Main.storyboard */,
				B30EA4351CDDD34E0052681D /* Assets.xcassets */,
				B30EA4371CDDD34E0052681D /* LaunchScreen.storyboard */,
				B30EA43A1CDDD34E0052681D /* Info.plist */,
				B30EA4291CDDD34E0052681D /* Supporting Files */,
			);
			path = NOTAM;
			sourceTree = "<group>";
		};
		B30EA4291CDDD34E0052681D /* Supporting Files */ = {
			isa = PBXGroup;
			children = (
				B30EA42A1CDDD34E0052681D /* main.m */,
			);
			name = "Supporting Files";
			sourceTree = "<group>";
		};
/* End PBXGroup section */

/* Begin PBXNativeTarget section */
		B30EA4251CDDD34E0052681D /* NOTAM */ = {
			isa = PBXNativeTarget;
			buildConfigurationList = B30EA43D1CDDD34E0052681D /* Build configuration list for PBXNativeTarget "NOTAM" */;
			buildPhases = (
				B30EA4221CDDD34E0052681D /* Sources */,
				B30EA4231CDDD34E0052681D /* Frameworks */,
				B30EA4241CDDD34E0052681D /* Resources */,
			);
			buildRules = (
			);
			dependencies = (
			);
			name = NOTAM;
			productName = NOTAM;
			productReference = B30EA4261CDDD34E0052681D /* NOTAM.app */;
			productType = "com.apple.product-type.application";
		};
/* End PBXNativeTarget section */

/* Begin PBXProject section */
		B30EA41E1CDDD34E0052681D /* Project object */ = {
			isa = PBXProject;
			attributes = {
				LastUpgradeCheck = 0730;
				ORGANIZATIONNAME = "Kostyantyn Bilyk";
				TargetAttributes = {
					B30EA4251CDDD34E0052681D = {
						CreatedOnToolsVersion = 7.3.1;
					};
				};
			};
			buildConfigurationList = B30EA4211CDDD34E0052681D /* Build configuration list for PBXProject "NOTAM" */;
			compatibilityVersion = "Xcode 3.2";
			developmentRegion = English;
			hasScannedForEncodings = 0;
			knownRegions = (
				en,
				Base,
			);
			mainGroup = B30EA41D1CDDD34E0052681D;
			productRefGroup = B30EA4271CDDD34E0052681D /* Products */;
			projectDirPath = "";
			projectRoot = "";
			targets = (
				B30EA4251CDDD34E0052681D /* NOTAM */,
			);
		};
/* End PBXProject section */

/* Begin PBXResourcesBuildPhase section */
		B30EA4241CDDD34E0052681D /* Resources */ = {
			isa = PBXResourcesBuildPhase;
			buildActionMask = 2147483647;
			files = (
				B30EA4391CDDD34E0052681D /* LaunchScreen.storyboard in Resources */,
				B30EA4361CDDD34E0052681D /* Assets.xcassets in Resources */,
				B30EA4341CDDD34E0052681D /* Main.storyboard in Resources */,
			);
			runOnlyForDeploymentPostprocessing = 0;
		};
/* End PBXResourcesBuildPhase section */

/* Begin PBXSourcesBuildPhase section */
		B30EA4221CDDD34E0052681D /* Sources */ = {
			isa = PBXSourcesBuildPhase;
			buildActionMask = 2147483647;
			files = (
				B30EA4311CDDD34E0052681D /* ViewController.m in Sources */,
				B30EA42E1CDDD34E0052681D /* AppDelegate.m in Sources */,
				B30EA42B1CDDD34E0052681D /* main.m in Sources */,
			);
			runOnlyForDeploymentPostprocessing = 0;
		};
/* End PBXSourcesBuildPhase section */

/* Begin PBXVariantGroup section */
		B30EA4321CDDD34E0052681D /* Main.storyboard */ = {
			isa = PBXVariantGroup;
			children = (
				B30EA4331CDDD34E0052681D /* Base */,
			);
			name = Main.storyboard;
			sourceTree = "<group>";
		};
		B30EA4371CDDD34E0052681D /* LaunchScreen.storyboard */ = {
			isa = PBXVariantGroup;
			children = (
				B30EA4381CDDD34E0052681D /* Base */,
			);
			name = LaunchScreen.storyboard;
			sourceTree = "<group>";
		};
/* End PBXVariantGroup section */

/* Begin XCBuildConfiguration section */
		B30EA43B1CDDD34E0052681D /* Debug */ = {
			isa = XCBuildConfiguration;
			buildSettings = {
				ALWAYS_SEARCH_USER_PATHS = NO;
				CLANG_ANALYZER_NONNULL = YES;
				CLANG_CXX_LANGUAGE_STANDARD = "gnu++0x";
				CLANG_CXX_LIBRARY = "libc++";
				CLANG_ENABLE_MODULES = YES;
				CLANG_ENABLE_OBJC_ARC = YES;
				CLANG_WARN_BOOL_CONVERSION = YES;
				CLANG_WARN_CONSTANT_CONVERSION = YES;
				CLANG_WARN_DIRECT_OBJC_ISA_USAGE = YES_ERROR;
				CLANG_WARN_EMPTY_BODY = YES;
				CLANG_WARN_ENUM_CONVERSION = YES;
				CLANG_WARN_INT_CONVERSION = YES;
				CLANG_WARN_OBJC_ROOT_CLASS = YES_ERROR;
				CLANG_WARN_UNREACHABLE_CODE = YES;
				CLANG_WARN__DUPLICATE_METHOD_MATCH = YES;
				"CODE_SIGN_IDENTITY[sdk=iphoneos*]" = "iPhone Developer";
				COPY_PHASE_STRIP = NO;
				DEBUG_INFORMATION_FORMAT = dwarf;
				ENABLE_STRICT_OBJC_MSGSEND = YES;
				ENABLE_TESTABILITY = YES;
				GCC_C_LANGUAGE_STANDARD = gnu99;
				GCC_DYNAMIC_NO_PIC = NO;
				GCC_NO_COMMON_BLOCKS = YES;
				GCC_OPTIMIZATION_LEVEL = 0;
				GCC_PREPROCESSOR_DEFINITIONS = (
					"DEBUG=1",
					"$(inherited)",
				);
				GCC_WARN_64_TO_32_BIT_CONVERSION = YES;
				GCC_WARN_ABOUT_RETURN_TYPE = YES_ERROR;
				GCC_WARN_UNDECLARED_SELECTOR = YES;
				GCC_WARN_UNINITIALIZED_AUTOS = YES_AGGRESSIVE;
				GCC_WARN_UNUSED_FUNCTION = YES;
				GCC_WARN_UNUSED_VARIABLE = YES;
				IPHONEOS_DEPLOYMENT_TARGET = 9.3;
				MTL_ENABLE_DEBUG_INFO = YES;
				ONLY_ACTIVE_ARCH = YES;
				SDKROOT = iphoneos;
				TARGETED_DEVICE_FAMILY = "1,2";
			};
			name = Debug;
		};
		B30EA43C1CDDD34E0052681D /* Release */ = {
			isa = XCBuildConfiguration;
			buildSettings = {
				ALWAYS_SEARCH_USER_PATHS = NO;
				CLANG_ANALYZER_NONNULL = YES;
				CLANG_CXX_LANGUAGE_STANDARD = "gnu++0x";
				CLANG_CXX_LIBRARY = "libc++";
				CLANG_ENABLE_MODULES = YES;
				CLANG_ENABLE_OBJC_ARC = YES;
				CLANG_WARN_BOOL_CONVERSION = YES;
				CLANG_WARN_CONSTANT_CONVERSION = YES;
				CLANG_WARN_DIRECT_OBJC_ISA_USAGE = YES_ERROR;
				CLANG_WARN_EMPTY_BODY = YES;
				CLANG_WARN_ENUM_CONVERSION = YES;
				CLANG_WARN_INT_CONVERSION = YES;
				CLANG_WARN_OBJC_ROOT_CLASS = YES_ERROR;
				CLANG_WARN_UNREACHABLE_CODE = YES;
				CLANG_WARN__DUPLICATE_METHOD_MATCH = YES;
				"CODE_SIGN_IDENTITY[sdk=iphoneos*]" = "iPhone Developer";
				COPY_PHASE_STRIP = NO;
				DEBUG_INFORMATION_FORMAT = "dwarf-with-dsym";
				ENABLE_NS_ASSERTIONS = NO;
				ENABLE_STRICT_OBJC_MSGSEND = YES;
				GCC_C_LANGUAGE_STANDARD = gnu99;
				GCC_NO_COMMON_BLOCKS = YES;
				GCC_WARN_64_TO_32_BIT_CONVERSION = YES;
				GCC_WARN_ABOUT_RETURN_TYPE = YES_ERROR;
				GCC_WARN_UNDECLARED_SELECTOR = YES;
				GCC_WARN_UNINITIALIZED_AUTOS = YES_AGGRESSIVE;
				GCC_WARN_UNUSED_FUNCTION = YES;
				GCC_WARN_UNUSED_VARIABLE = YES;
				IPHONEOS_DEPLOYMENT_TARGET = 9.3;
				MTL_ENABLE_DEBUG_INFO = NO;
				SDKROOT = iphoneos;
				TARGETED_DEVICE_FAMILY = "1,2";
				VALIDATE_PRODUCT = YES;
			};
			name = Release;
		};
		B30EA43E1CDDD34E0052681D /* Debug */ = {
			isa = XCBuildConfiguration;
			buildSettings = {
				ASSETCATALOG_COMPILER_APPICON_NAME = AppIcon;
				INFOPLIST_FILE = NOTAM/Info.plist;
				IPHONEOS_DEPLOYMENT_TARGET = 8.0;
				LD_RUNPATH_SEARCH_PATHS = "$(inherited) @executable_path/Frameworks";
				PRODUCT_BUNDLE_IDENTIFIER = kos.bilyk.NOTAM;
				PRODUCT_NAME = "$(TARGET_NAME)";
			};
			name = Debug;
		};
		B30EA43F1CDDD34E0052681D /* Release */ = {
			isa = XCBuildConfiguration;
			buildSettings = {
				ASSETCATALOG_COMPILER_APPICON_NAME = AppIcon;
				INFOPLIST_FILE = NOTAM/Info.plist;
				IPHONEOS_DEPLOYMENT_TARGET = 8.0;
				LD_RUNPATH_SEARCH_PATHS = "$(inherited) @executable_path/Frameworks";
				PRODUCT_BUNDLE_IDENTIFIER = kos.bilyk.NOTAM;
				PRODUCT_NAME = "$(TARGET_NAME)";
			};
			name = Release;
		};
/* End XCBuildConfiguration section */

/* Begin XCConfigurationList section */
		B30EA4211CDDD34E0052681D /* Build configuration list for PBXProject "NOTAM" */ = {
			isa = XCConfigurationList;
			buildConfigurations = (
				B30EA43B1CDDD34E0052681D /* Debug */,
				B30EA43C1CDDD34E0052681D /* Release */,
			);
			defaultConfigurationIsVisible = 0;
			defaultConfigurationName = Release;
		};
		B30EA43D1CDDD34E0052681D /* Build configuration list for PBXNativeTarget "NOTAM" */ = {
			isa = XCConfigurationList;
			buildConfigurations = (
				B30EA43E1CDDD34E0052681D /* Debug */,
				B30EA43F1CDDD34E0052681D /* Release */,
			);
			defaultConfigurationIsVisible = 0;
		};
/* End XCConfigurationList section */
	};
	rootObject = B30EA41E1CDDD34E0052681D /* Project object */;
}
